
Microsoft Visual Studio Solution File, Format Version 12.00
# Visual Studio Version 17
VisualStudioVersion = 17.14.36401.2 d17.14
MinimumVisualStudioVersion = 10.0.40219.1
Project("{FAE04EC0-301F-11D3-BF4B-00C04F79EFBC}") = "SinoTunnel", "SinoTunnel\SinoTunnel.csproj", "{9955019C-983B-43BD-8B7F-6F15AB96FD9C}"
EndProject
Project("{54435603-DBB4-11D2-8724-00A0C9A8B90C}") = "SetupSinoTunnel", "SetupSinoTunnel\SetupSinoTunnel.vdproj", "{162DE735-AE22-4CEB-A80E-6A56239771E2}"
EndProject
Global
	GlobalSection(SolutionConfigurationPlatforms) = preSolution
		Debug|Any CPU = Debug|Any CPU
		Release|Any CPU = Release|Any CPU
	EndGlobalSection
	GlobalSection(ProjectConfigurationPlatforms) = postSolution
		{9955019C-983B-43BD-8B7F-6F15AB96FD9C}.Debug|Any CPU.ActiveCfg = Debug|Any CPU
		{9955019C-983B-43BD-8B7F-6F15AB96FD9C}.Debug|Any CPU.Build.0 = Debug|Any CPU
		{9955019C-983B-43BD-8B7F-6F15AB96FD9C}.Release|Any CPU.ActiveCfg = Release|Any CPU
		{9955019C-983B-43BD-8B7F-6F15AB96FD9C}.Release|Any CPU.Build.0 = Release|Any CPU
		{162DE735-AE22-4CEB-A80E-6A56239771E2}.Debug|Any CPU.ActiveCfg = Debug
		{162DE735-AE22-4CEB-A80E-6A56239771E2}.Release|Any CPU.ActiveCfg = Release
	EndGlobalSection
	GlobalSection(SolutionProperties) = preSolution
		HideSolutionNode = FALSE
	EndGlobalSection
	GlobalSection(ExtensibilityGlobals) = postSolution
		SolutionGuid = {F0E6E714-2FD4-4236-9C55-6DBBC0CF138C}
	EndGlobalSection
EndGlobal
