
Microsoft Visual Studio Solution File, Format Version 12.00
# Visual Studio Version 17
VisualStudioVersion = 17.14.36401.2 d17.14
MinimumVisualStudioVersion = 10.0.40219.1
Project("{FAE04EC0-301F-11D3-BF4B-00C04F79EFBC}") = "SinoTunnel", "SinoTunnel.csproj", "{9955019C-983B-43BD-8B7F-6F15AB96FD9C}"
EndProject
Project("{FAE04EC0-301F-11D3-BF4B-00C04F79EFBC}") = "SinoTunnel_2025", "..\SinoTunnel_2025\SinoTunnel_2025.csproj", "{925F6C81-990D-42B5-8ADF-CD22DE23616D}"
EndProject
Project("{54435603-DBB4-11D2-8724-00A0C9A8B90C}") = "SinoTunnel_Setup", "..\SinoTunnel_Setup\SinoTunnel_Setup.vdproj", "{AE45FEB7-01D6-4D49-8CB8-727AA8248B30}"
EndProject
Global
	GlobalSection(SolutionConfigurationPlatforms) = preSolution
		Debug|Any CPU = Debug|Any CPU
		Release|Any CPU = Release|Any CPU
	EndGlobalSection
	GlobalSection(ProjectConfigurationPlatforms) = postSolution
		{9955019C-983B-43BD-8B7F-6F15AB96FD9C}.Debug|Any CPU.ActiveCfg = Debug|Any CPU
		{9955019C-983B-43BD-8B7F-6F15AB96FD9C}.Debug|Any CPU.Build.0 = Debug|Any CPU
		{9955019C-983B-43BD-8B7F-6F15AB96FD9C}.Release|Any CPU.ActiveCfg = Release|Any CPU
		{9955019C-983B-43BD-8B7F-6F15AB96FD9C}.Release|Any CPU.Build.0 = Release|Any CPU
		{925F6C81-990D-42B5-8ADF-CD22DE23616D}.Debug|Any CPU.ActiveCfg = Debug|Any CPU
		{925F6C81-990D-42B5-8ADF-CD22DE23616D}.Debug|Any CPU.Build.0 = Debug|Any CPU
		{925F6C81-990D-42B5-8ADF-CD22DE23616D}.Release|Any CPU.ActiveCfg = Release|Any CPU
		{925F6C81-990D-42B5-8ADF-CD22DE23616D}.Release|Any CPU.Build.0 = Release|Any CPU
		{AE45FEB7-01D6-4D49-8CB8-727AA8248B30}.Debug|Any CPU.ActiveCfg = Debug
		{AE45FEB7-01D6-4D49-8CB8-727AA8248B30}.Release|Any CPU.ActiveCfg = Release
	EndGlobalSection
	GlobalSection(SolutionProperties) = preSolution
		HideSolutionNode = FALSE
	EndGlobalSection
	GlobalSection(ExtensibilityGlobals) = postSolution
		SolutionGuid = {29ABEEA2-ED70-41DB-8C60-E41AA868BB07}
	EndGlobalSection
EndGlobal
